// !$*UTF8*$!
{
	archiveVersion = 1;
	classes = {
	};
	objectVersion = 50;
	objects = {

/* Begin PBXBuildFile section */
		D008E62A2397D19600415308 /* AppDelegate.swift in Sources */ = {isa = PBXBuildFile; fileRef = D008E6292397D19600415308 /* AppDelegate.swift */; };
		D008E6312397D19600415308 /* Main.storyboard in Resources */ = {isa = PBXBuildFile; fileRef = D008E62F2397D19600415308 /* Main.storyboard */; };
		D008E6332397D19700415308 /* Assets.xcassets in Resources */ = {isa = PBXBuildFile; fileRef = D008E6322397D19700415308 /* Assets.xcassets */; };
		D008E6362397D19700415308 /* LaunchScreen.storyboard in Resources */ = {isa = PBXBuildFile; fileRef = D008E6342397D19700415308 /* LaunchScreen.storyboard */; };
		D008E63E2397D1D000415308 /* VCFavorites.swift in Sources */ = {isa = PBXBuildFile; fileRef = D008E63D2397D1D000415308 /* VCFavorites.swift */; };
		D008E6402397D1E200415308 /* VCRecent.swift in Sources */ = {isa = PBXBuildFile; fileRef = D008E63F2397D1E200415308 /* VCRecent.swift */; };
		D008E6422397D1F200415308 /* VCContacter.swift in Sources */ = {isa = PBXBuildFile; fileRef = D008E6412397D1F200415308 /* VCContacter.swift */; };
		D008E6442397D1FF00415308 /* VCContacterDetail.swift in Sources */ = {isa = PBXBuildFile; fileRef = D008E6432397D1FF00415308 /* VCContacterDetail.swift */; };
/* End PBXBuildFile section */

/* Begin PBXFileReference section */
		D008E6262397D19600415308 /* Contacts.app */ = {isa = PBXFileReference; explicitFileType = wrapper.application; includeInIndex = 0; path = Contacts.app; sourceTree = BUILT_PRODUCTS_DIR; };
		D008E6292397D19600415308 /* AppDelegate.swift */ = {isa = PBXFileReference; lastKnownFileType = sourcecode.swift; path = AppDelegate.swift; sourceTree = "<group>"; };
		D008E6302397D19600415308 /* Base */ = {isa = PBXFileReference; lastKnownFileType = file.storyboard; name = Base; path = Base.lproj/Main.storyboard; sourceTree = "<group>"; };
		D008E6322397D19700415308 /* Assets.xcassets */ = {isa = PBXFileReference; lastKnownFileType = folder.assetcatalog; path = Assets.xcassets; sourceTree = "<group>"; };
		D008E6352397D19700415308 /* Base */ = {isa = PBXFileReference; lastKnownFileType = file.storyboard; name = Base; path = Base.lproj/LaunchScreen.storyboard; sourceTree = "<group>"; };
		D008E6372397D19700415308 /* Info.plist */ = {isa = PBXFileReference; lastKnownFileType = text.plist.xml; path = Info.plist; sourceTree = "<group>"; };
		D008E63D2397D1D000415308 /* VCFavorites.swift */ = {isa = PBXFileReference; lastKnownFileType = sourcecode.swift; path = VCFavorites.swift; sourceTree = "<group>"; };
		D008E63F2397D1E200415308 /* VCRecent.swift */ = {isa = PBXFileReference; lastKnownFileType = sourcecode.swift; path = VCRecent.swift; sourceTree = "<group>"; };
		D008E6412397D1F200415308 /* VCContacter.swift */ = {isa = PBXFileReference; lastKnownFileType = sourcecode.swift; path = VCContacter.swift; sourceTree = "<group>"; };
		D008E6432397D1FF00415308 /* VCContacterDetail.swift */ = {isa = PBXFileReference; lastKnownFileType = sourcecode.swift; path = VCContacterDetail.swift; sourceTree = "<group>"; };
/* End PBXFileReference section */

/* Begin PBXFrameworksBuildPhase section */
		D008E6232397D19600415308 /* Frameworks */ = {
			isa = PBXFrameworksBuildPhase;
			buildActionMask = 2147483647;
			files = (
			);
			runOnlyForDeploymentPostprocessing = 0;
		};
/* End PBXFrameworksBuildPhase section */

/* Begin PBXGroup section */
		D008E61D2397D19600415308 = {
			isa = PBXGroup;
			children = (
				D008E6282397D19600415308 /* Contacts */,
				D008E6272397D19600415308 /* Products */,
			);
			sourceTree = "<group>";
		};
		D008E6272397D19600415308 /* Products */ = {
			isa = PBXGroup;
			children = (
				D008E6262397D19600415308 /* Contacts.app */,
			);
			name = Products;
			sourceTree = "<group>";
		};
		D008E6282397D19600415308 /* Contacts */ = {
			isa = PBXGroup;
			children = (
				D008E6292397D19600415308 /* AppDelegate.swift */,
				D008E63D2397D1D000415308 /* VCFavorites.swift */,
				D008E63F2397D1E200415308 /* VCRecent.swift */,
				D008E6412397D1F200415308 /* VCContacter.swift */,
				D008E6432397D1FF00415308 /* VCContacterDetail.swift */,
				D008E62F2397D19600415308 /* Main.storyboard */,
				D008E6322397D19700415308 /* Assets.xcassets */,
				D008E6342397D19700415308 /* LaunchScreen.storyboard */,
				D008E6372397D19700415308 /* Info.plist */,
			);
			path = Contacts;
			sourceTree = "<group>";
		};
/* End PBXGroup section */

/* Begin PBXNativeTarget section */
		D008E6252397D19600415308 /* Contacts */ = {
			isa = PBXNativeTarget;
			buildConfigurationList = D008E63A2397D19700415308 /* Build configuration list for PBXNativeTarget "Contacts" */;
			buildPhases = (
				D008E6222397D19600415308 /* Sources */,
				D008E6232397D19600415308 /* Frameworks */,
				D008E6242397D19600415308 /* Resources */,
			);
			buildRules = (
			);
			dependencies = (
			);
			name = Contacts;
			productName = Contacts;
			productReference = D008E6262397D19600415308 /* Contacts.app */;
			productType = "com.apple.product-type.application";
		};
/* End PBXNativeTarget section */

/* Begin PBXProject section */
		D008E61E2397D19600415308 /* Project object */ = {
			isa = PBXProject;
			attributes = {
				LastSwiftUpdateCheck = 1120;
				LastUpgradeCheck = 1120;
				ORGANIZATIONNAME = LiWei;
				TargetAttributes = {
					D008E6252397D19600415308 = {
						CreatedOnToolsVersion = 11.2.1;
					};
				};
			};
			buildConfigurationList = D008E6212397D19600415308 /* Build configuration list for PBXProject "Contacts" */;
			compatibilityVersion = "Xcode 9.3";
			developmentRegion = en;
			hasScannedForEncodings = 0;
			knownRegions = (
				en,
				Base,
			);
			mainGroup = D008E61D2397D19600415308;
			productRefGroup = D008E6272397D19600415308 /* Products */;
			projectDirPath = "";
			projectRoot = "";
			targets = (
				D008E6252397D19600415308 /* Contacts */,
			);
		};
/* End PBXProject section */

/* Begin PBXResourcesBuildPhase section */
		D008E6242397D19600415308 /* Resources */ = {
			isa = PBXResourcesBuildPhase;
			buildActionMask = 2147483647;
			files = (
				D008E6362397D19700415308 /* LaunchScreen.storyboard in Resources */,
				D008E6332397D19700415308 /* Assets.xcassets in Resources */,
				D008E6312397D19600415308 /* Main.storyboard in Resources */,
			);
			runOnlyForDeploymentPostprocessing = 0;
		};
/* End PBXResourcesBuildPhase section */

/* Begin PBXSourcesBuildPhase section */
		D008E6222397D19600415308 /* Sources */ = {
			isa = PBXSourcesBuildPhase;
			buildActionMask = 2147483647;
			files = (
				D008E6442397D1FF00415308 /* VCContacterDetail.swift in Sources */,
				D008E6422397D1F200415308 /* VCContacter.swift in Sources */,
				D008E63E2397D1D000415308 /* VCFavorites.swift in Sources */,
				D008E62A2397D19600415308 /* AppDelegate.swift in Sources */,
				D008E6402397D1E200415308 /* VCRecent.swift in Sources */,
			);
			runOnlyForDeploymentPostprocessing = 0;
		};
/* End PBXSourcesBuildPhase section */

/* Begin PBXVariantGroup section */
		D008E62F2397D19600415308 /* Main.storyboard */ = {
			isa = PBXVariantGroup;
			children = (
				D008E6302397D19600415308 /* Base */,
			);
			name = Main.storyboard;
			sourceTree = "<group>";
		};
		D008E6342397D19700415308 /* LaunchScreen.storyboard */ = {
			isa = PBXVariantGroup;
			children = (
				D008E6352397D19700415308 /* Base */,
			);
			name = LaunchScreen.storyboard;
			sourceTree = "<group>";
		};
/* End PBXVariantGroup section */

/* Begin XCBuildConfiguration section */
		D008E6382397D19700415308 /* Debug */ = {
			isa = XCBuildConfiguration;
			buildSettings = {
				ALWAYS_SEARCH_USER_PATHS = NO;
				CLANG_ANALYZER_NONNULL = YES;
				CLANG_ANALYZER_NUMBER_OBJECT_CONVERSION = YES_AGGRESSIVE;
				CLANG_CXX_LANGUAGE_STANDARD = "gnu++14";
				CLANG_CXX_LIBRARY = "libc++";
				CLANG_ENABLE_MODULES = YES;
				CLANG_ENABLE_OBJC_ARC = YES;
				CLANG_ENABLE_OBJC_WEAK = YES;
				CLANG_WARN_BLOCK_CAPTURE_AUTORELEASING = YES;
				CLANG_WARN_BOOL_CONVERSION = YES;
				CLANG_WARN_COMMA = YES;
				CLANG_WARN_CONSTANT_CONVERSION = YES;
				CLANG_WARN_DEPRECATED_OBJC_IMPLEMENTATIONS = YES;
				CLANG_WARN_DIRECT_OBJC_ISA_USAGE = YES_ERROR;
				CLANG_WARN_DOCUMENTATION_COMMENTS = YES;
				CLANG_WARN_EMPTY_BODY = YES;
				CLANG_WARN_ENUM_CONVERSION = YES;
				CLANG_WARN_INFINITE_RECURSION = YES;
				CLANG_WARN_INT_CONVERSION = YES;
				CLANG_WARN_NON_LITERAL_NULL_CONVERSION = YES;
				CLANG_WARN_OBJC_IMPLICIT_RETAIN_SELF = YES;
				CLANG_WARN_OBJC_LITERAL_CONVERSION = YES;
				CLANG_WARN_OBJC_ROOT_CLASS = YES_ERROR;
				CLANG_WARN_RANGE_LOOP_ANALYSIS = YES;
				CLANG_WARN_STRICT_PROTOTYPES = YES;
				CLANG_WARN_SUSPICIOUS_MOVE = YES;
				CLANG_WARN_UNGUARDED_AVAILABILITY = YES_AGGRESSIVE;
				CLANG_WARN_UNREACHABLE_CODE = YES;
				CLANG_WARN__DUPLICATE_METHOD_MATCH = YES;
				COPY_PHASE_STRIP = NO;
				DEBUG_INFORMATION_FORMAT = dwarf;
				ENABLE_STRICT_OBJC_MSGSEND = YES;
				ENABLE_TESTABILITY = YES;
				GCC_C_LANGUAGE_STANDARD = gnu11;
				GCC_DYNAMIC_NO_PIC = NO;
				GCC_NO_COMMON_BLOCKS = YES;
				GCC_OPTIMIZATION_LEVEL = 0;
				GCC_PREPROCESSOR_DEFINITIONS = (
					"DEBUG=1",
					"$(inherited)",
				);
				GCC_WARN_64_TO_32_BIT_CONVERSION = YES;
				GCC_WARN_ABOUT_RETURN_TYPE = YES_ERROR;
				GCC_WARN_UNDECLARED_SELECTOR = YES;
				GCC_WARN_UNINITIALIZED_AUTOS = YES_AGGRESSIVE;
				GCC_WARN_UNUSED_FUNCTION = YES;
				GCC_WARN_UNUSED_VARIABLE = YES;
				IPHONEOS_DEPLOYMENT_TARGET = 13.2;
				MTL_ENABLE_DEBUG_INFO = INCLUDE_SOURCE;
				MTL_FAST_MATH = YES;
				ONLY_ACTIVE_ARCH = YES;
				SDKROOT = iphoneos;
				SWIFT_ACTIVE_COMPILATION_CONDITIONS = DEBUG;
				SWIFT_OPTIMIZATION_LEVEL = "-Onone";
			};
			name = Debug;
		};
		D008E6392397D19700415308 /* Release */ = {
			isa = XCBuildConfiguration;
			buildSettings = {
				ALWAYS_SEARCH_USER_PATHS = NO;
				CLANG_ANALYZER_NONNULL = YES;
				CLANG_ANALYZER_NUMBER_OBJECT_CONVERSION = YES_AGGRESSIVE;
				CLANG_CXX_LANGUAGE_STANDARD = "gnu++14";
				CLANG_CXX_LIBRARY = "libc++";
				CLANG_ENABLE_MODULES = YES;
				CLANG_ENABLE_OBJC_ARC = YES;
				CLANG_ENABLE_OBJC_WEAK = YES;
				CLANG_WARN_BLOCK_CAPTURE_AUTORELEASING = YES;
				CLANG_WARN_BOOL_CONVERSION = YES;
				CLANG_WARN_COMMA = YES;
				CLANG_WARN_CONSTANT_CONVERSION = YES;
				CLANG_WARN_DEPRECATED_OBJC_IMPLEMENTATIONS = YES;
				CLANG_WARN_DIRECT_OBJC_ISA_USAGE = YES_ERROR;
				CLANG_WARN_DOCUMENTATION_COMMENTS = YES;
				CLANG_WARN_EMPTY_BODY = YES;
				CLANG_WARN_ENUM_CONVERSION = YES;
				CLANG_WARN_INFINITE_RECURSION = YES;
				CLANG_WARN_INT_CONVERSION = YES;
				CLANG_WARN_NON_LITERAL_NULL_CONVERSION = YES;
				CLANG_WARN_OBJC_IMPLICIT_RETAIN_SELF = YES;
				CLANG_WARN_OBJC_LITERAL_CONVERSION = YES;
				CLANG_WARN_OBJC_ROOT_CLASS = YES_ERROR;
				CLANG_WARN_RANGE_LOOP_ANALYSIS = YES;
				CLANG_WARN_STRICT_PROTOTYPES = YES;
				CLANG_WARN_SUSPICIOUS_MOVE = YES;
				CLANG_WARN_UNGUARDED_AVAILABILITY = YES_AGGRESSIVE;
				CLANG_WARN_UNREACHABLE_CODE = YES;
				CLANG_WARN__DUPLICATE_METHOD_MATCH = YES;
				COPY_PHASE_STRIP = NO;
				DEBUG_INFORMATION_FORMAT = "dwarf-with-dsym";
				ENABLE_NS_ASSERTIONS = NO;
				ENABLE_STRICT_OBJC_MSGSEND = YES;
				GCC_C_LANGUAGE_STANDARD = gnu11;
				GCC_NO_COMMON_BLOCKS = YES;
				GCC_WARN_64_TO_32_BIT_CONVERSION = YES;
				GCC_WARN_ABOUT_RETURN_TYPE = YES_ERROR;
				GCC_WARN_UNDECLARED_SELECTOR = YES;
				GCC_WARN_UNINITIALIZED_AUTOS = YES_AGGRESSIVE;
				GCC_WARN_UNUSED_FUNCTION = YES;
				GCC_WARN_UNUSED_VARIABLE = YES;
				IPHONEOS_DEPLOYMENT_TARGET = 13.2;
				MTL_ENABLE_DEBUG_INFO = NO;
				MTL_FAST_MATH = YES;
				SDKROOT = iphoneos;
				SWIFT_COMPILATION_MODE = wholemodule;
				SWIFT_OPTIMIZATION_LEVEL = "-O";
				VALIDATE_PRODUCT = YES;
			};
			name = Release;
		};
		D008E63B2397D19700415308 /* Debug */ = {
			isa = XCBuildConfiguration;
			buildSettings = {
				ASSETCATALOG_COMPILER_APPICON_NAME = AppIcon;
				CODE_SIGN_STYLE = Automatic;
				DEVELOPMENT_TEAM = L8KHLZZKMU;
				INFOPLIST_FILE = Contacts/Info.plist;
				LD_RUNPATH_SEARCH_PATHS = (
					"$(inherited)",
					"@executable_path/Frameworks",
				);
				PRODUCT_BUNDLE_IDENTIFIER = Sicnu.Contacts;
				PRODUCT_NAME = "$(TARGET_NAME)";
				SWIFT_VERSION = 5.0;
				TARGETED_DEVICE_FAMILY = "1,2";
			};
			name = Debug;
		};
		D008E63C2397D19700415308 /* Release */ = {
			isa = XCBuildConfiguration;
			buildSettings = {
				ASSETCATALOG_COMPILER_APPICON_NAME = AppIcon;
				CODE_SIGN_STYLE = Automatic;
				DEVELOPMENT_TEAM = L8KHLZZKMU;
				INFOPLIST_FILE = Contacts/Info.plist;
				LD_RUNPATH_SEARCH_PATHS = (
					"$(inherited)",
					"@executable_path/Frameworks",
				);
				PRODUCT_BUNDLE_IDENTIFIER = Sicnu.Contacts;
				PRODUCT_NAME = "$(TARGET_NAME)";
				SWIFT_VERSION = 5.0;
				TARGETED_DEVICE_FAMILY = "1,2";
			};
			name = Release;
		};
/* End XCBuildConfiguration section */

/* Begin XCConfigurationList section */
		D008E6212397D19600415308 /* Build configuration list for PBXProject "Contacts" */ = {
			isa = XCConfigurationList;
			buildConfigurations = (
				D008E6382397D19700415308 /* Debug */,
				D008E6392397D19700415308 /* Release */,
			);
			defaultConfigurationIsVisible = 0;
			defaultConfigurationName = Release;
		};
		D008E63A2397D19700415308 /* Build configuration list for PBXNativeTarget "Contacts" */ = {
			isa = XCConfigurationList;
			buildConfigurations = (
				D008E63B2397D19700415308 /* Debug */,
				D008E63C2397D19700415308 /* Release */,
			);
			defaultConfigurationIsVisible = 0;
			defaultConfigurationName = Release;
		};
/* End XCConfigurationList section */
	};
	rootObject = D008E61E2397D19600415308 /* Project object */;
}
